// !$*UTF8*$!
{
	archiveVersion = 1;
	classes = {
	};
	objectVersion = 46;
	objects = {

/* Begin PBXBuildFile section */
		CDCF9CFF1D65C3F20013D713 /* AppDelegate.swift in Sources */ = {isa = PBXBuildFile; fileRef = CDCF9CFE1D65C3F20013D713 /* AppDelegate.swift */; };
		CDCF9D011D65C3F20013D713 /* ViewController.swift in Sources */ = {isa = PBXBuildFile; fileRef = CDCF9D001D65C3F20013D713 /* ViewController.swift */; };
		CDCF9D041D65C3F20013D713 /* Main.storyboard in Resources */ = {isa = PBXBuildFile; fileRef = CDCF9D021D65C3F20013D713 /* Main.storyboard */; };
		CDCF9D061D65C3F20013D713 /* Assets.xcassets in Resources */ = {isa = PBXBuildFile; fileRef = CDCF9D051D65C3F20013D713 /* Assets.xcassets */; };
		CDCF9D091D65C3F20013D713 /* LaunchScreen.storyboard in Resources */ = {isa = PBXBuildFile; fileRef = CDCF9D071D65C3F20013D713 /* LaunchScreen.storyboard */; };
/* End PBXBuildFile section */

/* Begin PBXFileReference section */
		CDCF9CFB1D65C3F20013D713 /* ATMLocation.app */ = {isa = PBXFileReference; explicitFileType = wrapper.application; includeInIndex = 0; path = ATMLocation.app; sourceTree = BUILT_PRODUCTS_DIR; };
		CDCF9CFE1D65C3F20013D713 /* AppDelegate.swift */ = {isa = PBXFileReference; lastKnownFileType = sourcecode.swift; path = AppDelegate.swift; sourceTree = "<group>"; };
		CDCF9D001D65C3F20013D713 /* ViewController.swift */ = {isa = PBXFileReference; lastKnownFileType = sourcecode.swift; path = ViewController.swift; sourceTree = "<group>"; };
		CDCF9D031D65C3F20013D713 /* Base */ = {isa = PBXFileReference; lastKnownFileType = file.storyboard; name = Base; path = Base.lproj/Main.storyboard; sourceTree = "<group>"; };
		CDCF9D051D65C3F20013D713 /* Assets.xcassets */ = {isa = PBXFileReference; lastKnownFileType = folder.assetcatalog; path = Assets.xcassets; sourceTree = "<group>"; };
		CDCF9D081D65C3F20013D713 /* Base */ = {isa = PBXFileReference; lastKnownFileType = file.storyboard; name = Base; path = Base.lproj/LaunchScreen.storyboard; sourceTree = "<group>"; };
		CDCF9D0A1D65C3F20013D713 /* Info.plist */ = {isa = PBXFileReference; lastKnownFileType = text.plist.xml; path = Info.plist; sourceTree = "<group>"; };
/* End PBXFileReference section */

/* Begin PBXFrameworksBuildPhase section */
		CDCF9CF81D65C3F20013D713 /* Frameworks */ = {
			isa = PBXFrameworksBuildPhase;
			buildActionMask = 2147483647;
			files = (
			);
			runOnlyForDeploymentPostprocessing = 0;
		};
/* End PBXFrameworksBuildPhase section */

/* Begin PBXGroup section */
		CDCF9CF21D65C3F20013D713 = {
			isa = PBXGroup;
			children = (
				CDCF9CFD1D65C3F20013D713 /* ATMLocation */,
				CDCF9CFC1D65C3F20013D713 /* Products */,
			);
			sourceTree = "<group>";
		};
		CDCF9CFC1D65C3F20013D713 /* Products */ = {
			isa = PBXGroup;
			children = (
				CDCF9CFB1D65C3F20013D713 /* ATMLocation.app */,
			);
			name = Products;
			sourceTree = "<group>";
		};
		CDCF9CFD1D65C3F20013D713 /* ATMLocation */ = {
			isa = PBXGroup;
			children = (
				CDCF9CFE1D65C3F20013D713 /* AppDelegate.swift */,
				CDCF9D001D65C3F20013D713 /* ViewController.swift */,
				CDCF9D021D65C3F20013D713 /* Main.storyboard */,
				CDCF9D051D65C3F20013D713 /* Assets.xcassets */,
				CDCF9D071D65C3F20013D713 /* LaunchScreen.storyboard */,
				CDCF9D0A1D65C3F20013D713 /* Info.plist */,
			);
			path = ATMLocation;
			sourceTree = "<group>";
		};
/* End PBXGroup section */

/* Begin PBXNativeTarget section */
		CDCF9CFA1D65C3F20013D713 /* ATMLocation */ = {
			isa = PBXNativeTarget;
			buildConfigurationList = CDCF9D0D1D65C3F20013D713 /* Build configuration list for PBXNativeTarget "ATMLocation" */;
			buildPhases = (
				CDCF9CF71D65C3F20013D713 /* Sources */,
				CDCF9CF81D65C3F20013D713 /* Frameworks */,
				CDCF9CF91D65C3F20013D713 /* Resources */,
			);
			buildRules = (
			);
			dependencies = (
			);
			name = ATMLocation;
			productName = ATMLocation;
			productReference = CDCF9CFB1D65C3F20013D713 /* ATMLocation.app */;
			productType = "com.apple.product-type.application";
		};
/* End PBXNativeTarget section */

/* Begin PBXProject section */
		CDCF9CF31D65C3F20013D713 /* Project object */ = {
			isa = PBXProject;
			attributes = {
				LastSwiftUpdateCheck = 0730;
				LastUpgradeCheck = 0730;
				ORGANIZATIONNAME = AngCode;
				TargetAttributes = {
					CDCF9CFA1D65C3F20013D713 = {
						CreatedOnToolsVersion = 7.3.1;
					};
				};
			};
			buildConfigurationList = CDCF9CF61D65C3F20013D713 /* Build configuration list for PBXProject "ATMLocation" */;
			compatibilityVersion = "Xcode 3.2";
			developmentRegion = English;
			hasScannedForEncodings = 0;
			knownRegions = (
				en,
				Base,
			);
			mainGroup = CDCF9CF21D65C3F20013D713;
			productRefGroup = CDCF9CFC1D65C3F20013D713 /* Products */;
			projectDirPath = "";
			projectRoot = "";
			targets = (
				CDCF9CFA1D65C3F20013D713 /* ATMLocation */,
			);
		};
/* End PBXProject section */

/* Begin PBXResourcesBuildPhase section */
		CDCF9CF91D65C3F20013D713 /* Resources */ = {
			isa = PBXResourcesBuildPhase;
			buildActionMask = 2147483647;
			files = (
				CDCF9D091D65C3F20013D713 /* LaunchScreen.storyboard in Resources */,
				CDCF9D061D65C3F20013D713 /* Assets.xcassets in Resources */,
				CDCF9D041D65C3F20013D713 /* Main.storyboard in Resources */,
			);
			runOnlyForDeploymentPostprocessing = 0;
		};
/* End PBXResourcesBuildPhase section */

/* Begin PBXSourcesBuildPhase section */
		CDCF9CF71D65C3F20013D713 /* Sources */ = {
			isa = PBXSourcesBuildPhase;
			buildActionMask = 2147483647;
			files = (
				CDCF9D011D65C3F20013D713 /* ViewController.swift in Sources */,
				CDCF9CFF1D65C3F20013D713 /* AppDelegate.swift in Sources */,
			);
			runOnlyForDeploymentPostprocessing = 0;
		};
/* End PBXSourcesBuildPhase section */

/* Begin PBXVariantGroup section */
		CDCF9D021D65C3F20013D713 /* Main.storyboard */ = {
			isa = PBXVariantGroup;
			children = (
				CDCF9D031D65C3F20013D713 /* Base */,
			);
			name = Main.storyboard;
			sourceTree = "<group>";
		};
		CDCF9D071D65C3F20013D713 /* LaunchScreen.storyboard */ = {
			isa = PBXVariantGroup;
			children = (
				CDCF9D081D65C3F20013D713 /* Base */,
			);
			name = LaunchScreen.storyboard;
			sourceTree = "<group>";
		};
/* End PBXVariantGroup section */

/* Begin XCBuildConfiguration section */
		CDCF9D0B1D65C3F20013D713 /* Debug */ = {
			isa = XCBuildConfiguration;
			buildSettings = {
				ALWAYS_SEARCH_USER_PATHS = NO;
				CLANG_ANALYZER_NONNULL = YES;
				CLANG_CXX_LANGUAGE_STANDARD = "gnu++0x";
				CLANG_CXX_LIBRARY = "libc++";
				CLANG_ENABLE_MODULES = YES;
				CLANG_ENABLE_OBJC_ARC = YES;
				CLANG_WARN_BOOL_CONVERSION = YES;
				CLANG_WARN_CONSTANT_CONVERSION = YES;
				CLANG_WARN_DIRECT_OBJC_ISA_USAGE = YES_ERROR;
				CLANG_WARN_EMPTY_BODY = YES;
				CLANG_WARN_ENUM_CONVERSION = YES;
				CLANG_WARN_INT_CONVERSION = YES;
				CLANG_WARN_OBJC_ROOT_CLASS = YES_ERROR;
				CLANG_WARN_UNREACHABLE_CODE = YES;
				CLANG_WARN__DUPLICATE_METHOD_MATCH = YES;
				"CODE_SIGN_IDENTITY[sdk=iphoneos*]" = "iPhone Developer";
				COPY_PHASE_STRIP = NO;
				DEBUG_INFORMATION_FORMAT = dwarf;
				ENABLE_STRICT_OBJC_MSGSEND = YES;
				ENABLE_TESTABILITY = YES;
				GCC_C_LANGUAGE_STANDARD = gnu99;
				GCC_DYNAMIC_NO_PIC = NO;
				GCC_NO_COMMON_BLOCKS = YES;
				GCC_OPTIMIZATION_LEVEL = 0;
				GCC_PREPROCESSOR_DEFINITIONS = (
					"DEBUG=1",
					"$(inherited)",
				);
				GCC_WARN_64_TO_32_BIT_CONVERSION = YES;
				GCC_WARN_ABOUT_RETURN_TYPE = YES_ERROR;
				GCC_WARN_UNDECLARED_SELECTOR = YES;
				GCC_WARN_UNINITIALIZED_AUTOS = YES_AGGRESSIVE;
				GCC_WARN_UNUSED_FUNCTION = YES;
				GCC_WARN_UNUSED_VARIABLE = YES;
				IPHONEOS_DEPLOYMENT_TARGET = 9.3;
				MTL_ENABLE_DEBUG_INFO = YES;
				ONLY_ACTIVE_ARCH = YES;
				SDKROOT = iphoneos;
				SWIFT_OPTIMIZATION_LEVEL = "-Onone";
			};
			name = Debug;
		};
		CDCF9D0C1D65C3F20013D713 /* Release */ = {
			isa = XCBuildConfiguration;
			buildSettings = {
				ALWAYS_SEARCH_USER_PATHS = NO;
				CLANG_ANALYZER_NONNULL = YES;
				CLANG_CXX_LANGUAGE_STANDARD = "gnu++0x";
				CLANG_CXX_LIBRARY = "libc++";
				CLANG_ENABLE_MODULES = YES;
				CLANG_ENABLE_OBJC_ARC = YES;
				CLANG_WARN_BOOL_CONVERSION = YES;
				CLANG_WARN_CONSTANT_CONVERSION = YES;
				CLANG_WARN_DIRECT_OBJC_ISA_USAGE = YES_ERROR;
				CLANG_WARN_EMPTY_BODY = YES;
				CLANG_WARN_ENUM_CONVERSION = YES;
				CLANG_WARN_INT_CONVERSION = YES;
				CLANG_WARN_OBJC_ROOT_CLASS = YES_ERROR;
				CLANG_WARN_UNREACHABLE_CODE = YES;
				CLANG_WARN__DUPLICATE_METHOD_MATCH = YES;
				"CODE_SIGN_IDENTITY[sdk=iphoneos*]" = "iPhone Developer";
				COPY_PHASE_STRIP = NO;
				DEBUG_INFORMATION_FORMAT = "dwarf-with-dsym";
				ENABLE_NS_ASSERTIONS = NO;
				ENABLE_STRICT_OBJC_MSGSEND = YES;
				GCC_C_LANGUAGE_STANDARD = gnu99;
				GCC_NO_COMMON_BLOCKS = YES;
				GCC_WARN_64_TO_32_BIT_CONVERSION = YES;
				GCC_WARN_ABOUT_RETURN_TYPE = YES_ERROR;
				GCC_WARN_UNDECLARED_SELECTOR = YES;
				GCC_WARN_UNINITIALIZED_AUTOS = YES_AGGRESSIVE;
				GCC_WARN_UNUSED_FUNCTION = YES;
				GCC_WARN_UNUSED_VARIABLE = YES;
				IPHONEOS_DEPLOYMENT_TARGET = 9.3;
				MTL_ENABLE_DEBUG_INFO = NO;
				SDKROOT = iphoneos;
				VALIDATE_PRODUCT = YES;
			};
			name = Release;
		};
		CDCF9D0E1D65C3F20013D713 /* Debug */ = {
			isa = XCBuildConfiguration;
			buildSettings = {
				ASSETCATALOG_COMPILER_APPICON_NAME = AppIcon;
				INFOPLIST_FILE = ATMLocation/Info.plist;
				LD_RUNPATH_SEARCH_PATHS = "$(inherited) @executable_path/Frameworks";
				PRODUCT_BUNDLE_IDENTIFIER = AngCode.ATMLocation;
				PRODUCT_NAME = "$(TARGET_NAME)";
			};
			name = Debug;
		};
		CDCF9D0F1D65C3F20013D713 /* Release */ = {
			isa = XCBuildConfiguration;
			buildSettings = {
				ASSETCATALOG_COMPILER_APPICON_NAME = AppIcon;
				INFOPLIST_FILE = ATMLocation/Info.plist;
				LD_RUNPATH_SEARCH_PATHS = "$(inherited) @executable_path/Frameworks";
				PRODUCT_BUNDLE_IDENTIFIER = AngCode.ATMLocation;
				PRODUCT_NAME = "$(TARGET_NAME)";
			};
			name = Release;
		};
/* End XCBuildConfiguration section */

/* Begin XCConfigurationList section */
		CDCF9CF61D65C3F20013D713 /* Build configuration list for PBXProject "ATMLocation" */ = {
			isa = XCConfigurationList;
			buildConfigurations = (
				CDCF9D0B1D65C3F20013D713 /* Debug */,
				CDCF9D0C1D65C3F20013D713 /* Release */,
			);
			defaultConfigurationIsVisible = 0;
			defaultConfigurationName = Release;
		};
		CDCF9D0D1D65C3F20013D713 /* Build configuration list for PBXNativeTarget "ATMLocation" */ = {
			isa = XCConfigurationList;
			buildConfigurations = (
				CDCF9D0E1D65C3F20013D713 /* Debug */,
				CDCF9D0F1D65C3F20013D713 /* Release */,
			);
			defaultConfigurationIsVisible = 0;
		};
/* End XCConfigurationList section */
	};
	rootObject = CDCF9CF31D65C3F20013D713 /* Project object */;
}
